# This file is automatically @generated by Cargo.
# It is not intended for manual editing.
version = 4

[[package]]
name = "critical-section"
version = "1.2.0"
source = "registry+https://github.com/rust-lang/crates.io-index"
checksum = "790eea4361631c5e7d22598ecd5723ff611904e3344ce8720784c93e3d83d40b"

[[package]]
name = "first_trial"
version = "0.1.0"
dependencies = [
 "lazy_static",
 "mutex",
]

[[package]]
name = "lazy_static"
version = "1.5.0"
source = "registry+https://github.com/rust-lang/crates.io-index"
checksum = "bbd2bcb4c963f2ddae06a2efc7e9f3591312473c50c6685e1f298068316e66fe"

[[package]]
name = "mutex"
version = "1.0.0"
source = "registry+https://github.com/rust-lang/crates.io-index"
checksum = "d28c89c319522a8ee27f304b1aeb4faebf652c6b7e04de8b263d715ca68a5c71"
dependencies = [
 "critical-section",
 "mutex-traits",
]

[[package]]
name = "mutex-traits"
version = "1.0.0"
source = "registry+https://github.com/rust-lang/crates.io-index"
checksum = "fd54cb762feb1788c74f5d3387983864d2365ca1819043d2addb76db80169102"
